
Microsoft Visual Studio Solution File, Format Version 12.00
# Visual Studio Version 16
VisualStudioVersion = 16.0.30907.101
MinimumVisualStudioVersion = 10.0.40219.1
Project("{FAE04EC0-301F-11D3-BF4B-00C04F79EFBC}") = "Laboratory 4", "Laboratory 4\Laboratory 4.csproj", "{5A64A5D5-2EED-4455-932B-FB997FEF4644}"
EndProject
Global
	GlobalSection(SolutionConfigurationPlatforms) = preSolution
		Debug|Any CPU = Debug|Any CPU
		Release|Any CPU = Release|Any CPU
	EndGlobalSection
	GlobalSection(ProjectConfigurationPlatforms) = postSolution
		{5A64A5D5-2EED-4455-932B-FB997FEF4644}.Debug|Any CPU.ActiveCfg = Debug|Any CPU
		{5A64A5D5-2EED-4455-932B-FB997FEF4644}.Debug|Any CPU.Build.0 = Debug|Any CPU
		{5A64A5D5-2EED-4455-932B-FB997FEF4644}.Release|Any CPU.ActiveCfg = Release|Any CPU
		{5A64A5D5-2EED-4455-932B-FB997FEF4644}.Release|Any CPU.Build.0 = Release|Any CPU
	EndGlobalSection
	GlobalSection(SolutionProperties) = preSolution
		HideSolutionNode = FALSE
	EndGlobalSection
	GlobalSection(ExtensibilityGlobals) = postSolution
		SolutionGuid = {073AB058-F447-4B7D-B777-24BE968D1ECA}
	EndGlobalSection
EndGlobal
